
Microsoft Visual Studio Solution File, Format Version 12.00
# Visual Studio Version 16
VisualStudioVersion = 16.0.30611.23
MinimumVisualStudioVersion = 10.0.40219.1
Project("{FAE04EC0-301F-11D3-BF4B-00C04F79EFBC}") = "applyingcaptch in asp.net", "applyingcaptch in asp.net.csproj", "{8F95F145-78DB-4B6A-8AEB-1FA07E205C89}"
EndProject
Global
	GlobalSection(SolutionConfigurationPlatforms) = preSolution
		Debug|Any CPU = Debug|Any CPU
		Release|Any CPU = Release|Any CPU
	EndGlobalSection
	GlobalSection(ProjectConfigurationPlatforms) = postSolution
		{8F95F145-78DB-4B6A-8AEB-1FA07E205C89}.Debug|Any CPU.ActiveCfg = Debug|Any CPU
		{8F95F145-78DB-4B6A-8AEB-1FA07E205C89}.Debug|Any CPU.Build.0 = Debug|Any CPU
		{8F95F145-78DB-4B6A-8AEB-1FA07E205C89}.Release|Any CPU.ActiveCfg = Release|Any CPU
		{8F95F145-78DB-4B6A-8AEB-1FA07E205C89}.Release|Any CPU.Build.0 = Release|Any CPU
	EndGlobalSection
	GlobalSection(SolutionProperties) = preSolution
		HideSolutionNode = FALSE
	EndGlobalSection
	GlobalSection(ExtensibilityGlobals) = postSolution
		SolutionGuid = {E30124FE-F686-4F01-9C69-FB60DFE91096}
	EndGlobalSection
EndGlobal
